
Microsoft Visual Studio Solution File, Format Version 12.00
# Visual Studio Version 17
VisualStudioVersion = 17.0.31903.59
MinimumVisualStudioVersion = 10.0.40219.1
Project("{FAE04EC0-301F-11D3-BF4B-00C04F79EFBC}") = "YogurtBank.Android", "YogurtBank\YogurtBank.Android\YogurtBank.Android.csproj", "{B5FE18B4-F870-463C-A591-290508F31E68}"
EndProject
Project("{FAE04EC0-301F-11D3-BF4B-00C04F79EFBC}") = "YogurtBank.iOS", "YogurtBank\YogurtBank.iOS\YogurtBank.iOS.csproj", "{9D783AF1-280D-403A-A8F8-097DC5321EB0}"
EndProject
Project("{FAE04EC0-301F-11D3-BF4B-00C04F79EFBC}") = "YogurtBank", "YogurtBank\YogurtBank\YogurtBank.csproj", "{16003ECB-7BDA-4A7B-ABB2-B6F96C75E77D}"
EndProject
Global
	GlobalSection(SolutionConfigurationPlatforms) = preSolution
		Debug|Any CPU = Debug|Any CPU
		Debug|iPhone = Debug|iPhone
		Debug|iPhoneSimulator = Debug|iPhoneSimulator
		Release|Any CPU = Release|Any CPU
		Release|iPhone = Release|iPhone
		Release|iPhoneSimulator = Release|iPhoneSimulator
	EndGlobalSection
	GlobalSection(ProjectConfigurationPlatforms) = postSolution
		{B5FE18B4-F870-463C-A591-290508F31E68}.Debug|Any CPU.ActiveCfg = Debug|Any CPU
		{B5FE18B4-F870-463C-A591-290508F31E68}.Debug|Any CPU.Build.0 = Debug|Any CPU
		{B5FE18B4-F870-463C-A591-290508F31E68}.Debug|Any CPU.Deploy.0 = Debug|Any CPU
		{B5FE18B4-F870-463C-A591-290508F31E68}.Debug|iPhone.ActiveCfg = Debug|Any CPU
		{B5FE18B4-F870-463C-A591-290508F31E68}.Debug|iPhone.Build.0 = Debug|Any CPU
		{B5FE18B4-F870-463C-A591-290508F31E68}.Debug|iPhone.Deploy.0 = Debug|Any CPU
		{B5FE18B4-F870-463C-A591-290508F31E68}.Debug|iPhoneSimulator.ActiveCfg = Debug|Any CPU
		{B5FE18B4-F870-463C-A591-290508F31E68}.Debug|iPhoneSimulator.Build.0 = Debug|Any CPU
		{B5FE18B4-F870-463C-A591-290508F31E68}.Debug|iPhoneSimulator.Deploy.0 = Debug|Any CPU
		{B5FE18B4-F870-463C-A591-290508F31E68}.Release|Any CPU.ActiveCfg = Release|Any CPU
		{B5FE18B4-F870-463C-A591-290508F31E68}.Release|Any CPU.Build.0 = Release|Any CPU
		{B5FE18B4-F870-463C-A591-290508F31E68}.Release|Any CPU.Deploy.0 = Release|Any CPU
		{B5FE18B4-F870-463C-A591-290508F31E68}.Release|iPhone.ActiveCfg = Release|Any CPU
		{B5FE18B4-F870-463C-A591-290508F31E68}.Release|iPhone.Build.0 = Release|Any CPU
		{B5FE18B4-F870-463C-A591-290508F31E68}.Release|iPhone.Deploy.0 = Release|Any CPU
		{B5FE18B4-F870-463C-A591-290508F31E68}.Release|iPhoneSimulator.ActiveCfg = Release|Any CPU
		{B5FE18B4-F870-463C-A591-290508F31E68}.Release|iPhoneSimulator.Build.0 = Release|Any CPU
		{B5FE18B4-F870-463C-A591-290508F31E68}.Release|iPhoneSimulator.Deploy.0 = Release|Any CPU
		{9D783AF1-280D-403A-A8F8-097DC5321EB0}.Debug|Any CPU.ActiveCfg = Debug|iPhone
		{9D783AF1-280D-403A-A8F8-097DC5321EB0}.Debug|Any CPU.Build.0 = Debug|iPhone
		{9D783AF1-280D-403A-A8F8-097DC5321EB0}.Debug|Any CPU.Deploy.0 = Debug|iPhone
		{9D783AF1-280D-403A-A8F8-097DC5321EB0}.Debug|iPhone.ActiveCfg = Debug|iPhone
		{9D783AF1-280D-403A-A8F8-097DC5321EB0}.Debug|iPhone.Build.0 = Debug|iPhone
		{9D783AF1-280D-403A-A8F8-097DC5321EB0}.Debug|iPhone.Deploy.0 = Debug|iPhone
		{9D783AF1-280D-403A-A8F8-097DC5321EB0}.Debug|iPhoneSimulator.ActiveCfg = Debug|iPhoneSimulator
		{9D783AF1-280D-403A-A8F8-097DC5321EB0}.Debug|iPhoneSimulator.Build.0 = Debug|iPhoneSimulator
		{9D783AF1-280D-403A-A8F8-097DC5321EB0}.Debug|iPhoneSimulator.Deploy.0 = Debug|iPhoneSimulator
		{9D783AF1-280D-403A-A8F8-097DC5321EB0}.Release|Any CPU.ActiveCfg = Release|iPhoneSimulator
		{9D783AF1-280D-403A-A8F8-097DC5321EB0}.Release|Any CPU.Build.0 = Release|iPhoneSimulator
		{9D783AF1-280D-403A-A8F8-097DC5321EB0}.Release|Any CPU.Deploy.0 = Release|iPhoneSimulator
		{9D783AF1-280D-403A-A8F8-097DC5321EB0}.Release|iPhone.ActiveCfg = Release|iPhone
		{9D783AF1-280D-403A-A8F8-097DC5321EB0}.Release|iPhone.Build.0 = Release|iPhone
		{9D783AF1-280D-403A-A8F8-097DC5321EB0}.Release|iPhone.Deploy.0 = Release|iPhone
		{9D783AF1-280D-403A-A8F8-097DC5321EB0}.Release|iPhoneSimulator.ActiveCfg = Release|iPhoneSimulator
		{9D783AF1-280D-403A-A8F8-097DC5321EB0}.Release|iPhoneSimulator.Build.0 = Release|iPhoneSimulator
		{9D783AF1-280D-403A-A8F8-097DC5321EB0}.Release|iPhoneSimulator.Deploy.0 = Release|iPhoneSimulator
		{16003ECB-7BDA-4A7B-ABB2-B6F96C75E77D}.Debug|Any CPU.ActiveCfg = Debug|Any CPU
		{16003ECB-7BDA-4A7B-ABB2-B6F96C75E77D}.Debug|Any CPU.Build.0 = Debug|Any CPU
		{16003ECB-7BDA-4A7B-ABB2-B6F96C75E77D}.Debug|Any CPU.Deploy.0 = Debug|Any CPU
		{16003ECB-7BDA-4A7B-ABB2-B6F96C75E77D}.Debug|iPhone.ActiveCfg = Debug|Any CPU
		{16003ECB-7BDA-4A7B-ABB2-B6F96C75E77D}.Debug|iPhone.Build.0 = Debug|Any CPU
		{16003ECB-7BDA-4A7B-ABB2-B6F96C75E77D}.Debug|iPhone.Deploy.0 = Debug|Any CPU
		{16003ECB-7BDA-4A7B-ABB2-B6F96C75E77D}.Debug|iPhoneSimulator.ActiveCfg = Debug|Any CPU
		{16003ECB-7BDA-4A7B-ABB2-B6F96C75E77D}.Debug|iPhoneSimulator.Build.0 = Debug|Any CPU
		{16003ECB-7BDA-4A7B-ABB2-B6F96C75E77D}.Debug|iPhoneSimulator.Deploy.0 = Debug|Any CPU
		{16003ECB-7BDA-4A7B-ABB2-B6F96C75E77D}.Release|Any CPU.ActiveCfg = Release|Any CPU
		{16003ECB-7BDA-4A7B-ABB2-B6F96C75E77D}.Release|Any CPU.Build.0 = Release|Any CPU
		{16003ECB-7BDA-4A7B-ABB2-B6F96C75E77D}.Release|Any CPU.Deploy.0 = Release|Any CPU
		{16003ECB-7BDA-4A7B-ABB2-B6F96C75E77D}.Release|iPhone.ActiveCfg = Release|Any CPU
		{16003ECB-7BDA-4A7B-ABB2-B6F96C75E77D}.Release|iPhone.Build.0 = Release|Any CPU
		{16003ECB-7BDA-4A7B-ABB2-B6F96C75E77D}.Release|iPhone.Deploy.0 = Release|Any CPU
		{16003ECB-7BDA-4A7B-ABB2-B6F96C75E77D}.Release|iPhoneSimulator.ActiveCfg = Release|Any CPU
		{16003ECB-7BDA-4A7B-ABB2-B6F96C75E77D}.Release|iPhoneSimulator.Build.0 = Release|Any CPU
		{16003ECB-7BDA-4A7B-ABB2-B6F96C75E77D}.Release|iPhoneSimulator.Deploy.0 = Release|Any CPU
	EndGlobalSection
	GlobalSection(SolutionProperties) = preSolution
		HideSolutionNode = FALSE
	EndGlobalSection
	GlobalSection(ExtensibilityGlobals) = postSolution
		SolutionGuid = {4DFA5F21-F4A3-4068-8CE4-A6970FE26EE7}
	EndGlobalSection
EndGlobal
